
Microsoft Visual Studio Solution File, Format Version 12.00
# Visual Studio Version 17
VisualStudioVersion = 17.14.36414.22 d17.14
MinimumVisualStudioVersion = 10.0.40219.1
Project("{FAE04EC0-301F-11D3-BF4B-00C04F79EFBC}") = "Publication", "Publication\Publication.csproj", "{FE003769-AC03-47B8-B800-196C9D1335CB}"
EndProject
Global
	GlobalSection(SolutionConfigurationPlatforms) = preSolution
		Debug|Any CPU = Debug|Any CPU
		Release|Any CPU = Release|Any CPU
	EndGlobalSection
	GlobalSection(ProjectConfigurationPlatforms) = postSolution
		{FE003769-AC03-47B8-B800-196C9D1335CB}.Debug|Any CPU.ActiveCfg = Debug|Any CPU
		{FE003769-AC03-47B8-B800-196C9D1335CB}.Debug|Any CPU.Build.0 = Debug|Any CPU
		{FE003769-AC03-47B8-B800-196C9D1335CB}.Release|Any CPU.ActiveCfg = Release|Any CPU
		{FE003769-AC03-47B8-B800-196C9D1335CB}.Release|Any CPU.Build.0 = Release|Any CPU
	EndGlobalSection
	GlobalSection(SolutionProperties) = preSolution
		HideSolutionNode = FALSE
	EndGlobalSection
	GlobalSection(ExtensibilityGlobals) = postSolution
		SolutionGuid = {73B7ABB0-D5A1-418E-BFF3-D36353677EF9}
	EndGlobalSection
EndGlobal
